
Microsoft Visual Studio Solution File, Format Version 12.00
# Visual Studio Version 17
VisualStudioVersion = 17.0.32112.339
MinimumVisualStudioVersion = 10.0.40219.1
Project("{FAE04EC0-301F-11D3-BF4B-00C04F79EFBC}") = "Bableves_TemplateExample", "Bableves_TemplateExample\Bableves_TemplateExample.csproj", "{04A1C4E4-5762-4A8B-B29E-1B249E4B2223}"
EndProject
Global
	GlobalSection(SolutionConfigurationPlatforms) = preSolution
		Debug|Any CPU = Debug|Any CPU
		Release|Any CPU = Release|Any CPU
	EndGlobalSection
	GlobalSection(ProjectConfigurationPlatforms) = postSolution
		{04A1C4E4-5762-4A8B-B29E-1B249E4B2223}.Debug|Any CPU.ActiveCfg = Debug|Any CPU
		{04A1C4E4-5762-4A8B-B29E-1B249E4B2223}.Debug|Any CPU.Build.0 = Debug|Any CPU
		{04A1C4E4-5762-4A8B-B29E-1B249E4B2223}.Release|Any CPU.ActiveCfg = Release|Any CPU
		{04A1C4E4-5762-4A8B-B29E-1B249E4B2223}.Release|Any CPU.Build.0 = Release|Any CPU
	EndGlobalSection
	GlobalSection(SolutionProperties) = preSolution
		HideSolutionNode = FALSE
	EndGlobalSection
	GlobalSection(ExtensibilityGlobals) = postSolution
		SolutionGuid = {8B9EB820-7C93-4322-A54B-26215C37EBCF}
	EndGlobalSection
EndGlobal
